
Microsoft Visual Studio Solution File, Format Version 12.00
# Visual Studio 2012
Project("{FAE04EC0-301F-11D3-BF4B-00C04F79EFBC}") = "WuAntialiasingAlgorithm", "WuAntialiasingAlgorithm\WuAntialiasingAlgorithm.csproj", "{65EEE953-DD2D-4D9B-8C47-3037C27B7F89}"
EndProject
Global
	GlobalSection(SolutionConfigurationPlatforms) = preSolution
		Debug|Any CPU = Debug|Any CPU
		Release|Any CPU = Release|Any CPU
	EndGlobalSection
	GlobalSection(ProjectConfigurationPlatforms) = postSolution
		{65EEE953-DD2D-4D9B-8C47-3037C27B7F89}.Debug|Any CPU.ActiveCfg = Debug|Any CPU
		{65EEE953-DD2D-4D9B-8C47-3037C27B7F89}.Debug|Any CPU.Build.0 = Debug|Any CPU
		{65EEE953-DD2D-4D9B-8C47-3037C27B7F89}.Release|Any CPU.ActiveCfg = Release|Any CPU
		{65EEE953-DD2D-4D9B-8C47-3037C27B7F89}.Release|Any CPU.Build.0 = Release|Any CPU
	EndGlobalSection
	GlobalSection(SolutionProperties) = preSolution
		HideSolutionNode = FALSE
	EndGlobalSection
EndGlobal
